
Microsoft Visual Studio Solution File, Format Version 12.00
# Visual Studio 2012
Project("{2150E333-8FDC-42A3-9474-1A3956D46DE8}") = "Solution Items", "Solution Items", "{0DAC0767-5251-469C-8899-E63D8F46D412}"
EndProject
Project("{FAE04EC0-301F-11D3-BF4B-00C04F79EFBC}") = "06. Arrays", "06. Arrays\06. Arrays.csproj", "{E49998F4-DA56-4718-84BF-834AB36993F4}"
EndProject
Global
	GlobalSection(SolutionConfigurationPlatforms) = preSolution
		Debug|Any CPU = Debug|Any CPU
		Release|Any CPU = Release|Any CPU
	EndGlobalSection
	GlobalSection(ProjectConfigurationPlatforms) = postSolution
		{E49998F4-DA56-4718-84BF-834AB36993F4}.Debug|Any CPU.ActiveCfg = Debug|Any CPU
		{E49998F4-DA56-4718-84BF-834AB36993F4}.Debug|Any CPU.Build.0 = Debug|Any CPU
		{E49998F4-DA56-4718-84BF-834AB36993F4}.Release|Any CPU.ActiveCfg = Release|Any CPU
		{E49998F4-DA56-4718-84BF-834AB36993F4}.Release|Any CPU.Build.0 = Release|Any CPU
	EndGlobalSection
	GlobalSection(SolutionProperties) = preSolution
		HideSolutionNode = FALSE
	EndGlobalSection
EndGlobal
